
Microsoft Visual Studio Solution File, Format Version 12.00
# Visual Studio Version 17
VisualStudioVersion = 17.2.32630.192
MinimumVisualStudioVersion = 10.0.40219.1
Project("{2150E333-8FDC-42A3-9474-1A3956D46DE8}") = "Playground", "Playground", "{ECC279E9-D9FF-40E1-8450-5D2BF7DDE44C}"
EndProject
Project("{9A19103F-16F7-4668-BE54-9A1E7A4F7556}") = "WinDebug", "WinDebug\WinDebug.csproj", "{EFE7E79E-256F-49C9-9973-7213CEDE5439}"
EndProject
Project("{FAE04EC0-301F-11D3-BF4B-00C04F79EFBC}") = "WinDebugFrm", "WinDebugFrm\WinDebugFrm.csproj", "{66EAFB31-DCE9-4144-9363-2327B2149156}"
EndProject
Project("{FAE04EC0-301F-11D3-BF4B-00C04F79EFBC}") = "CGLFontConverter", "CGLFontConverter\CGLFontConverter.csproj", "{97C740F3-DD52-439E-9F5B-DE51E86EE5D3}"
EndProject
Project("{9A19103F-16F7-4668-BE54-9A1E7A4F7556}") = "Benshmarks", "Benshmarks\Benshmarks.csproj", "{1F335391-EFE4-4C32-A505-7B57AE9CCA94}"
EndProject
Project("{2150E333-8FDC-42A3-9474-1A3956D46DE8}") = "Generation 02", "Generation 02", "{53465ECA-B106-4336-8E88-4593E3AC6120}"
EndProject
Project("{2150E333-8FDC-42A3-9474-1A3956D46DE8}") = "Tools", "Tools", "{93E4F788-0FC9-4080-AA2B-8CFF321C1ED3}"
EndProject
Project("{FAE04EC0-301F-11D3-BF4B-00C04F79EFBC}") = "CosmosGLG2", "CosmosGLG2\CosmosGLG2.csproj", "{6D8ED8B3-9FE0-4EBE-A5BE-BC41DE5174EB}"
EndProject
Global
	GlobalSection(SolutionConfigurationPlatforms) = preSolution
		Debug|Any CPU = Debug|Any CPU
		Release|Any CPU = Release|Any CPU
	EndGlobalSection
	GlobalSection(ProjectConfigurationPlatforms) = postSolution
		{EFE7E79E-256F-49C9-9973-7213CEDE5439}.Debug|Any CPU.ActiveCfg = Debug|Any CPU
		{EFE7E79E-256F-49C9-9973-7213CEDE5439}.Debug|Any CPU.Build.0 = Debug|Any CPU
		{EFE7E79E-256F-49C9-9973-7213CEDE5439}.Release|Any CPU.ActiveCfg = Release|Any CPU
		{EFE7E79E-256F-49C9-9973-7213CEDE5439}.Release|Any CPU.Build.0 = Release|Any CPU
		{66EAFB31-DCE9-4144-9363-2327B2149156}.Debug|Any CPU.ActiveCfg = Debug|Any CPU
		{66EAFB31-DCE9-4144-9363-2327B2149156}.Debug|Any CPU.Build.0 = Debug|Any CPU
		{66EAFB31-DCE9-4144-9363-2327B2149156}.Release|Any CPU.ActiveCfg = Release|Any CPU
		{66EAFB31-DCE9-4144-9363-2327B2149156}.Release|Any CPU.Build.0 = Release|Any CPU
		{97C740F3-DD52-439E-9F5B-DE51E86EE5D3}.Debug|Any CPU.ActiveCfg = Debug|Any CPU
		{97C740F3-DD52-439E-9F5B-DE51E86EE5D3}.Debug|Any CPU.Build.0 = Debug|Any CPU
		{97C740F3-DD52-439E-9F5B-DE51E86EE5D3}.Release|Any CPU.ActiveCfg = Release|Any CPU
		{97C740F3-DD52-439E-9F5B-DE51E86EE5D3}.Release|Any CPU.Build.0 = Release|Any CPU
		{1F335391-EFE4-4C32-A505-7B57AE9CCA94}.Debug|Any CPU.ActiveCfg = Debug|Any CPU
		{1F335391-EFE4-4C32-A505-7B57AE9CCA94}.Debug|Any CPU.Build.0 = Debug|Any CPU
		{1F335391-EFE4-4C32-A505-7B57AE9CCA94}.Release|Any CPU.ActiveCfg = Release|Any CPU
		{1F335391-EFE4-4C32-A505-7B57AE9CCA94}.Release|Any CPU.Build.0 = Release|Any CPU
		{6D8ED8B3-9FE0-4EBE-A5BE-BC41DE5174EB}.Debug|Any CPU.ActiveCfg = Debug|Any CPU
		{6D8ED8B3-9FE0-4EBE-A5BE-BC41DE5174EB}.Debug|Any CPU.Build.0 = Debug|Any CPU
		{6D8ED8B3-9FE0-4EBE-A5BE-BC41DE5174EB}.Release|Any CPU.ActiveCfg = Release|Any CPU
		{6D8ED8B3-9FE0-4EBE-A5BE-BC41DE5174EB}.Release|Any CPU.Build.0 = Release|Any CPU
	EndGlobalSection
	GlobalSection(SolutionProperties) = preSolution
		HideSolutionNode = FALSE
	EndGlobalSection
	GlobalSection(NestedProjects) = preSolution
		{EFE7E79E-256F-49C9-9973-7213CEDE5439} = {93E4F788-0FC9-4080-AA2B-8CFF321C1ED3}
		{66EAFB31-DCE9-4144-9363-2327B2149156} = {93E4F788-0FC9-4080-AA2B-8CFF321C1ED3}
		{97C740F3-DD52-439E-9F5B-DE51E86EE5D3} = {93E4F788-0FC9-4080-AA2B-8CFF321C1ED3}
		{1F335391-EFE4-4C32-A505-7B57AE9CCA94} = {ECC279E9-D9FF-40E1-8450-5D2BF7DDE44C}
		{6D8ED8B3-9FE0-4EBE-A5BE-BC41DE5174EB} = {53465ECA-B106-4336-8E88-4593E3AC6120}
	EndGlobalSection
	GlobalSection(ExtensibilityGlobals) = postSolution
		SolutionGuid = {8AC820A5-1919-4579-8EAF-B45FFC97A95E}
	EndGlobalSection
EndGlobal
